{
  "name": "@leo/web",
  "version": "0.0.0",
  "lockfileVersion": 3,
  "requires": true,
  "packages": {
    "": {
      "name": "@leo/web",
      "version": "0.0.0",
      "dependencies": {
        "@radix-ui/react-alert-dialog": "^1.1.7",
        "@radix-ui/react-checkbox": "^1.1.5",
        "@radix-ui/react-collapsible": "^1.1.7",
        "@radix-ui/react-dialog": "^1.1.7",
        "@radix-ui/react-dropdown-menu": "^2.1.7",
        "@radix-ui/react-label": "^2.1.3",
        "@radix-ui/react-popover": "^1.1.17",
        "@radix-ui/react-scroll-area": "^1.2.4",
        "@radix-ui/react-select": "^2.1.7",
        "@radix-ui/react-separator": "^1.1.3",
        "@radix-ui/react-slot": "^1.3.0",
        "@radix-ui/react-tabs": "^1.1.7",
        "@radix-ui/react-toast": "^1.2.7",
        "@radix-ui/react-tooltip": "^1.2.0",
        "@tanstack/react-query": "^5.81.5",
        "class-variance-authority": "^0.7.1",
        "clsx": "^2.1.1",
        "cmdk": "^1.1.1",
        "date-fns": "^4.4.0",
        "lucide-react": "^0.525.0",
        "react": "^19.1.0",
        "react-dom": "^19.1.0",
        "tailwind-merge": "^3.3.1",
        "wouter": "^3.7.1"
      },
      "devDependencies": {
        "@tailwindcss/typography": "^0.5.15",
        "@tailwindcss/vite": "^4.1.11",
        "@types/react": "^19.1.8",
        "@types/react-dom": "^19.1.6",
        "@vitejs/plugin-react": "^4.6.0",
        "tailwindcss": "^4.1.11",
        "tw-animate-css": "^1.4.0",
        "typescript": "~5.9.2",
        "vite": "^6.3.5"
      }
    },
    "../../node_modules/.pnpm/@radix-ui+react-alert-dialog@1.1.17_@types+react-dom@19.2.3_@types+react@19.2.17__@type_d9d4e5a3839997c74b7e7e5736c6bd2d/node_modules/@radix-ui/react-alert-dialog": {
      "version": "1.1.17",
      "license": "MIT",
      "dependencies": {
        "@radix-ui/primitive": "1.1.4",
        "@radix-ui/react-compose-refs": "1.1.3",
        "@radix-ui/react-context": "1.1.4",
        "@radix-ui/react-dialog": "1.1.17",
        "@radix-ui/react-primitive": "2.1.6"
      },
      "devDependencies": {
        "@repo/builder": "0.0.0",
        "@repo/typescript-config": "0.0.0",
        "@types/react": "^19.2.2",
        "@types/react-dom": "^19.2.2",
        "react": "^19.2.0",
        "react-dom": "^19.2.0",
        "typescript": "^5.9.3"
      },
      "peerDependencies": {
        "@types/react": "*",
        "@types/react-dom": "*",
        "react": "^16.8 || ^17.0 || ^18.0 || ^19.0 || ^19.0.0-rc",
        "react-dom": "^16.8 || ^17.0 || ^18.0 || ^19.0 || ^19.0.0-rc"
      },
      "peerDependenciesMeta": {
        "@types/react": {
          "optional": true
        },
        "@types/react-dom": {
          "optional": true
        }
      }
    },
    "../../node_modules/.pnpm/@radix-ui+react-checkbox@1.3.5_@types+react-dom@19.2.3_@types+react@19.2.17__@types+rea_df7a54c08841d9b9b0351d43341044fb/node_modules/@radix-ui/react-checkbox": {
      "version": "1.3.5",
      "license": "MIT",
      "dependencies": {
        "@radix-ui/primitive": "1.1.4",
        "@radix-ui/react-compose-refs": "1.1.3",
        "@radix-ui/react-context": "1.1.4",
        "@radix-ui/react-presence": "1.1.6",
        "@radix-ui/react-primitive": "2.1.6",
        "@radix-ui/react-use-controllable-state": "1.2.3",
        "@radix-ui/react-use-previous": "1.1.2",
        "@radix-ui/react-use-size": "1.1.2"
      },
      "devDependencies": {
        "@repo/builder": "0.0.0",
        "@repo/typescript-config": "0.0.0",
        "@types/react": "^19.2.2",
        "@types/react-dom": "^19.2.2",
        "react": "^19.2.0",
        "react-dom": "^19.2.0",
        "typescript": "^5.9.3"
      },
      "peerDependencies": {
        "@types/react": "*",
        "@types/react-dom": "*",
        "react": "^16.8 || ^17.0 || ^18.0 || ^19.0 || ^19.0.0-rc",
        "react-dom": "^16.8 || ^17.0 || ^18.0 || ^19.0 || ^19.0.0-rc"
      },
      "peerDependenciesMeta": {
        "@types/react": {
          "optional": true
        },
        "@types/react-dom": {
          "optional": true
        }
      }
    },
    "../../node_modules/.pnpm/@radix-ui+react-collapsible@1.1.14_@types+react-dom@19.2.3_@types+react@19.2.17__@types_b7ef560f44c47ee7133f96d0937f4859/node_modules/@radix-ui/react-collapsible": {
      "version": "1.1.14",
      "license": "MIT",
      "dependencies": {
        "@radix-ui/primitive": "1.1.4",
        "@radix-ui/react-compose-refs": "1.1.3",
        "@radix-ui/react-context": "1.1.4",
        "@radix-ui/react-id": "1.1.2",
        "@radix-ui/react-presence": "1.1.6",
        "@radix-ui/react-primitive": "2.1.6",
        "@radix-ui/react-use-controllable-state": "1.2.3",
        "@radix-ui/react-use-layout-effect": "1.1.2"
      },
      "devDependencies": {
        "@repo/builder": "0.0.0",
        "@repo/typescript-config": "0.0.0",
        "@types/react": "^19.2.2",
        "@types/react-dom": "^19.2.2",
        "react": "^19.2.0",
        "react-dom": "^19.2.0",
        "typescript": "^5.9.3"
      },
      "peerDependencies": {
        "@types/react": "*",
        "@types/react-dom": "*",
        "react": "^16.8 || ^17.0 || ^18.0 || ^19.0 || ^19.0.0-rc",
        "react-dom": "^16.8 || ^17.0 || ^18.0 || ^19.0 || ^19.0.0-rc"
      },
      "peerDependenciesMeta": {
        "@types/react": {
          "optional": true
        },
        "@types/react-dom": {
          "optional": true
        }
      }
    },
    "../../node_modules/.pnpm/@radix-ui+react-dialog@1.1.17_@types+react-dom@19.2.3_@types+react@19.2.17__@types+reac_b3c87694353964d9bc0703a62f7153d9/node_modules/@radix-ui/react-dialog": {
      "version": "1.1.17",
      "license": "MIT",
      "dependencies": {
        "@radix-ui/primitive": "1.1.4",
        "@radix-ui/react-compose-refs": "1.1.3",
        "@radix-ui/react-context": "1.1.4",
        "@radix-ui/react-dismissable-layer": "1.1.13",
        "@radix-ui/react-focus-guards": "1.1.4",
        "@radix-ui/react-focus-scope": "1.1.10",
        "@radix-ui/react-id": "1.1.2",
        "@radix-ui/react-portal": "1.1.12",
        "@radix-ui/react-presence": "1.1.6",
        "@radix-ui/react-primitive": "2.1.6",
        "@radix-ui/react-slot": "1.3.0",
        "@radix-ui/react-use-controllable-state": "1.2.3",
        "aria-hidden": "^1.2.4",
        "react-remove-scroll": "^2.7.2"
      },
      "devDependencies": {
        "@repo/builder": "0.0.0",
        "@repo/typescript-config": "0.0.0",
        "@types/react": "^19.2.2",
        "@types/react-dom": "^19.2.2",
        "react": "^19.2.0",
        "react-dom": "^19.2.0",
        "typescript": "^5.9.3"
      },
      "peerDependencies": {
        "@types/react": "*",
        "@types/react-dom": "*",
        "react": "^16.8 || ^17.0 || ^18.0 || ^19.0 || ^19.0.0-rc",
        "react-dom": "^16.8 || ^17.0 || ^18.0 || ^19.0 || ^19.0.0-rc"
      },
      "peerDependenciesMeta": {
        "@types/react": {
          "optional": true
        },
        "@types/react-dom": {
          "optional": true
        }
      }
    },
    "../../node_modules/.pnpm/@radix-ui+react-dropdown-menu@2.1.18_@types+react-dom@19.2.3_@types+react@19.2.17__@typ_0aee71a4cee397b0b68aa23dce29cb3b/node_modules/@radix-ui/react-dropdown-menu": {
      "version": "2.1.18",
      "license": "MIT",
      "dependencies": {
        "@radix-ui/primitive": "1.1.4",
        "@radix-ui/react-compose-refs": "1.1.3",
        "@radix-ui/react-context": "1.1.4",
        "@radix-ui/react-id": "1.1.2",
        "@radix-ui/react-menu": "2.1.18",
        "@radix-ui/react-primitive": "2.1.6",
        "@radix-ui/react-use-controllable-state": "1.2.3"
      },
      "devDependencies": {
        "@repo/builder": "0.0.0",
        "@repo/test-data": "0.0.0",
        "@repo/typescript-config": "0.0.0",
        "@types/react": "^19.2.2",
        "@types/react-dom": "^19.2.2",
        "react": "^19.2.0",
        "react-dom": "^19.2.0",
        "typescript": "^5.9.3"
      },
      "peerDependencies": {
        "@types/react": "*",
        "@types/react-dom": "*",
        "react": "^16.8 || ^17.0 || ^18.0 || ^19.0 || ^19.0.0-rc",
        "react-dom": "^16.8 || ^17.0 || ^18.0 || ^19.0 || ^19.0.0-rc"
      },
      "peerDependenciesMeta": {
        "@types/react": {
          "optional": true
        },
        "@types/react-dom": {
          "optional": true
        }
      }
    },
    "../../node_modules/.pnpm/@radix-ui+react-label@2.1.10_@types+react-dom@19.2.3_@types+react@19.2.17__@types+react_926471a51cc198963dd1dedf26996e03/node_modules/@radix-ui/react-label": {
      "version": "2.1.10",
      "license": "MIT",
      "dependencies": {
        "@radix-ui/react-primitive": "2.1.6"
      },
      "devDependencies": {
        "@repo/builder": "0.0.0",
        "@repo/typescript-config": "0.0.0",
        "@types/react": "^19.2.2",
        "@types/react-dom": "^19.2.2",
        "react": "^19.2.0",
        "react-dom": "^19.2.0",
        "typescript": "^5.9.3"
      },
      "peerDependencies": {
        "@types/react": "*",
        "@types/react-dom": "*",
        "react": "^16.8 || ^17.0 || ^18.0 || ^19.0 || ^19.0.0-rc",
        "react-dom": "^16.8 || ^17.0 || ^18.0 || ^19.0 || ^19.0.0-rc"
      },
      "peerDependenciesMeta": {
        "@types/react": {
          "optional": true
        },
        "@types/react-dom": {
          "optional": true
        }
      }
    },
    "../../node_modules/.pnpm/@radix-ui+react-popover@1.1.17_@types+react-dom@19.2.3_@types+react@19.2.17__@types+rea_5584c68c409c112cfc4a374c4dc92085/node_modules/@radix-ui/react-popover": {
      "version": "1.1.17",
      "license": "MIT",
      "dependencies": {
        "@radix-ui/primitive": "1.1.4",
        "@radix-ui/react-compose-refs": "1.1.3",
        "@radix-ui/react-context": "1.1.4",
        "@radix-ui/react-dismissable-layer": "1.1.13",
        "@radix-ui/react-focus-guards": "1.1.4",
        "@radix-ui/react-focus-scope": "1.1.10",
        "@radix-ui/react-id": "1.1.2",
        "@radix-ui/react-popper": "1.3.1",
        "@radix-ui/react-portal": "1.1.12",
        "@radix-ui/react-presence": "1.1.6",
        "@radix-ui/react-primitive": "2.1.6",
        "@radix-ui/react-slot": "1.3.0",
        "@radix-ui/react-use-controllable-state": "1.2.3",
        "aria-hidden": "^1.2.4",
        "react-remove-scroll": "^2.7.2"
      },
      "devDependencies": {
        "@repo/builder": "0.0.0",
        "@repo/typescript-config": "0.0.0",
        "@types/react": "^19.2.2",
        "@types/react-dom": "^19.2.2",
        "react": "^19.2.0",
        "react-dom": "^19.2.0",
        "typescript": "^5.9.3"
      },
      "peerDependencies": {
        "@types/react": "*",
        "@types/react-dom": "*",
        "react": "^16.8 || ^17.0 || ^18.0 || ^19.0 || ^19.0.0-rc",
        "react-dom": "^16.8 || ^17.0 || ^18.0 || ^19.0 || ^19.0.0-rc"
      },
      "peerDependenciesMeta": {
        "@types/react": {
          "optional": true
        },
        "@types/react-dom": {
          "optional": true
        }
      }
    },
    "../../node_modules/.pnpm/@radix-ui+react-scroll-area@1.2.12_@types+react-dom@19.2.3_@types+react@19.2.17__@types_b518db40d9cf95bd759ab85f92a92fbd/node_modules/@radix-ui/react-scroll-area": {
      "version": "1.2.12",
      "license": "MIT",
      "dependencies": {
        "@radix-ui/number": "1.1.2",
        "@radix-ui/primitive": "1.1.4",
        "@radix-ui/react-compose-refs": "1.1.3",
        "@radix-ui/react-context": "1.1.4",
        "@radix-ui/react-direction": "1.1.2",
        "@radix-ui/react-presence": "1.1.6",
        "@radix-ui/react-primitive": "2.1.6",
        "@radix-ui/react-use-callback-ref": "1.1.2",
        "@radix-ui/react-use-layout-effect": "1.1.2"
      },
      "devDependencies": {
        "@repo/builder": "0.0.0",
        "@repo/typescript-config": "0.0.0",
        "@types/react": "^19.2.2",
        "@types/react-dom": "^19.2.2",
        "react": "^19.2.0",
        "react-dom": "^19.2.0",
        "typescript": "^5.9.3"
      },
      "peerDependencies": {
        "@types/react": "*",
        "@types/react-dom": "*",
        "react": "^16.8 || ^17.0 || ^18.0 || ^19.0 || ^19.0.0-rc",
        "react-dom": "^16.8 || ^17.0 || ^18.0 || ^19.0 || ^19.0.0-rc"
      },
      "peerDependenciesMeta": {
        "@types/react": {
          "optional": true
        },
        "@types/react-dom": {
          "optional": true
        }
      }
    },
    "../../node_modules/.pnpm/@radix-ui+react-select@2.3.1_@types+react-dom@19.2.3_@types+react@19.2.17__@types+react_b02efc2f297247c6935162b4b80c3722/node_modules/@radix-ui/react-select": {
      "version": "2.3.1",
      "license": "MIT",
      "dependencies": {
        "@radix-ui/number": "1.1.2",
        "@radix-ui/primitive": "1.1.4",
        "@radix-ui/react-collection": "1.1.10",
        "@radix-ui/react-compose-refs": "1.1.3",
        "@radix-ui/react-context": "1.1.4",
        "@radix-ui/react-direction": "1.1.2",
        "@radix-ui/react-dismissable-layer": "1.1.13",
        "@radix-ui/react-focus-guards": "1.1.4",
        "@radix-ui/react-focus-scope": "1.1.10",
        "@radix-ui/react-id": "1.1.2",
        "@radix-ui/react-popper": "1.3.1",
        "@radix-ui/react-portal": "1.1.12",
        "@radix-ui/react-presence": "1.1.6",
        "@radix-ui/react-primitive": "2.1.6",
        "@radix-ui/react-slot": "1.3.0",
        "@radix-ui/react-use-callback-ref": "1.1.2",
        "@radix-ui/react-use-controllable-state": "1.2.3",
        "@radix-ui/react-use-layout-effect": "1.1.2",
        "@radix-ui/react-use-previous": "1.1.2",
        "@radix-ui/react-visually-hidden": "1.2.6",
        "aria-hidden": "^1.2.4",
        "react-remove-scroll": "^2.7.2"
      },
      "devDependencies": {
        "@repo/builder": "0.0.0",
        "@repo/test-data": "0.0.0",
        "@repo/typescript-config": "0.0.0",
        "@types/react": "^19.2.2",
        "@types/react-dom": "^19.2.2",
        "react": "^19.2.0",
        "react-dom": "^19.2.0",
        "typescript": "^5.9.3"
      },
      "peerDependencies": {
        "@types/react": "*",
        "@types/react-dom": "*",
        "react": "^16.8 || ^17.0 || ^18.0 || ^19.0 || ^19.0.0-rc",
        "react-dom": "^16.8 || ^17.0 || ^18.0 || ^19.0 || ^19.0.0-rc"
      },
      "peerDependenciesMeta": {
        "@types/react": {
          "optional": true
        },
        "@types/react-dom": {
          "optional": true
        }
      }
    },
    "../../node_modules/.pnpm/@radix-ui+react-separator@1.1.10_@types+react-dom@19.2.3_@types+react@19.2.17__@types+r_2a129d8e134e36e6253e0b3d3b761a11/node_modules/@radix-ui/react-separator": {
      "version": "1.1.10",
      "license": "MIT",
      "dependencies": {
        "@radix-ui/react-primitive": "2.1.6"
      },
      "devDependencies": {
        "@repo/builder": "0.0.0",
        "@repo/typescript-config": "0.0.0",
        "@types/react": "^19.2.2",
        "@types/react-dom": "^19.2.2",
        "react": "^19.2.0",
        "react-dom": "^19.2.0",
        "typescript": "^5.9.3"
      },
      "peerDependencies": {
        "@types/react": "*",
        "@types/react-dom": "*",
        "react": "^16.8 || ^17.0 || ^18.0 || ^19.0 || ^19.0.0-rc",
        "react-dom": "^16.8 || ^17.0 || ^18.0 || ^19.0 || ^19.0.0-rc"
      },
      "peerDependenciesMeta": {
        "@types/react": {
          "optional": true
        },
        "@types/react-dom": {
          "optional": true
        }
      }
    },
    "../../node_modules/.pnpm/@radix-ui+react-slot@1.3.0_@types+react@19.2.17_react@19.1.0/node_modules/@radix-ui/react-slot": {
      "version": "1.3.0",
      "license": "MIT",
      "dependencies": {
        "@radix-ui/react-compose-refs": "1.1.3"
      },
      "devDependencies": {
        "@repo/builder": "0.0.0",
        "@repo/typescript-config": "0.0.0",
        "@types/react": "^19.2.2",
        "@types/react-dom": "^19.2.2",
        "react": "^19.2.0",
        "react-dom": "^19.2.0",
        "typescript": "^5.9.3"
      },
      "peerDependencies": {
        "@types/react": "*",
        "react": "^16.8 || ^17.0 || ^18.0 || ^19.0 || ^19.0.0-rc"
      },
      "peerDependenciesMeta": {
        "@types/react": {
          "optional": true
        }
      }
    },
    "../../node_modules/.pnpm/@radix-ui+react-tabs@1.1.15_@types+react-dom@19.2.3_@types+react@19.2.17__@types+react@_f5ad88ed93e8a8815c84f3466fd107e0/node_modules/@radix-ui/react-tabs": {
      "version": "1.1.15",
      "license": "MIT",
      "dependencies": {
        "@radix-ui/primitive": "1.1.4",
        "@radix-ui/react-context": "1.1.4",
        "@radix-ui/react-direction": "1.1.2",
        "@radix-ui/react-id": "1.1.2",
        "@radix-ui/react-presence": "1.1.6",
        "@radix-ui/react-primitive": "2.1.6",
        "@radix-ui/react-roving-focus": "1.1.13",
        "@radix-ui/react-use-controllable-state": "1.2.3"
      },
      "devDependencies": {
        "@repo/builder": "0.0.0",
        "@repo/typescript-config": "0.0.0",
        "@types/react": "^19.2.2",
        "@types/react-dom": "^19.2.2",
        "react": "^19.2.0",
        "react-dom": "^19.2.0",
        "typescript": "^5.9.3"
      },
      "peerDependencies": {
        "@types/react": "*",
        "@types/react-dom": "*",
        "react": "^16.8 || ^17.0 || ^18.0 || ^19.0 || ^19.0.0-rc",
        "react-dom": "^16.8 || ^17.0 || ^18.0 || ^19.0 || ^19.0.0-rc"
      },
      "peerDependenciesMeta": {
        "@types/react": {
          "optional": true
        },
        "@types/react-dom": {
          "optional": true
        }
      }
    },
    "../../node_modules/.pnpm/@radix-ui+react-toast@1.2.17_@types+react-dom@19.2.3_@types+react@19.2.17__@types+react_595f92f502c8a725ebf453b8f0edf8f1/node_modules/@radix-ui/react-toast": {
      "version": "1.2.17",
      "license": "MIT",
      "dependencies": {
        "@radix-ui/primitive": "1.1.4",
        "@radix-ui/react-collection": "1.1.10",
        "@radix-ui/react-compose-refs": "1.1.3",
        "@radix-ui/react-context": "1.1.4",
        "@radix-ui/react-dismissable-layer": "1.1.13",
        "@radix-ui/react-portal": "1.1.12",
        "@radix-ui/react-presence": "1.1.6",
        "@radix-ui/react-primitive": "2.1.6",
        "@radix-ui/react-use-callback-ref": "1.1.2",
        "@radix-ui/react-use-controllable-state": "1.2.3",
        "@radix-ui/react-use-layout-effect": "1.1.2",
        "@radix-ui/react-visually-hidden": "1.2.6"
      },
      "devDependencies": {
        "@repo/builder": "0.0.0",
        "@repo/typescript-config": "0.0.0",
        "@types/react": "^19.2.2",
        "@types/react-dom": "^19.2.2",
        "react": "^19.2.0",
        "react-dom": "^19.2.0",
        "typescript": "^5.9.3"
      },
      "peerDependencies": {
        "@types/react": "*",
        "@types/react-dom": "*",
        "react": "^16.8 || ^17.0 || ^18.0 || ^19.0 || ^19.0.0-rc",
        "react-dom": "^16.8 || ^17.0 || ^18.0 || ^19.0 || ^19.0.0-rc"
      },
      "peerDependenciesMeta": {
        "@types/react": {
          "optional": true
        },
        "@types/react-dom": {
          "optional": true
        }
      }
    },
    "../../node_modules/.pnpm/@radix-ui+react-tooltip@1.2.10_@types+react-dom@19.2.3_@types+react@19.2.17__@types+rea_1cc5f2d918686dc6a26f2e2446a26ef6/node_modules/@radix-ui/react-tooltip": {
      "version": "1.2.10",
      "license": "MIT",
      "dependencies": {
        "@radix-ui/primitive": "1.1.4",
        "@radix-ui/react-compose-refs": "1.1.3",
        "@radix-ui/react-context": "1.1.4",
        "@radix-ui/react-dismissable-layer": "1.1.13",
        "@radix-ui/react-id": "1.1.2",
        "@radix-ui/react-popper": "1.3.1",
        "@radix-ui/react-portal": "1.1.12",
        "@radix-ui/react-presence": "1.1.6",
        "@radix-ui/react-primitive": "2.1.6",
        "@radix-ui/react-slot": "1.3.0",
        "@radix-ui/react-use-controllable-state": "1.2.3",
        "@radix-ui/react-visually-hidden": "1.2.6"
      },
      "devDependencies": {
        "@repo/builder": "0.0.0",
        "@repo/typescript-config": "0.0.0",
        "@types/react": "^19.2.2",
        "@types/react-dom": "^19.2.2",
        "react": "^19.2.0",
        "react-dom": "^19.2.0",
        "typescript": "^5.9.3"
      },
      "peerDependencies": {
        "@types/react": "*",
        "@types/react-dom": "*",
        "react": "^16.8 || ^17.0 || ^18.0 || ^19.0 || ^19.0.0-rc",
        "react-dom": "^16.8 || ^17.0 || ^18.0 || ^19.0 || ^19.0.0-rc"
      },
      "peerDependenciesMeta": {
        "@types/react": {
          "optional": true
        },
        "@types/react-dom": {
          "optional": true
        }
      }
    },
    "../../node_modules/.pnpm/@tailwindcss+typography@0.5.20_tailwindcss@4.3.1/node_modules/@tailwindcss/typography": {
      "version": "0.5.20",
      "dev": true,
      "license": "MIT",
      "dependencies": {
        "postcss-selector-parser": "6.0.10"
      },
      "devDependencies": {
        "@mdx-js/loader": "^1.0.19",
        "@mdx-js/mdx": "^1.6.6",
        "@next/mdx": "^8.1.0",
        "autoprefixer": "^10.2.1",
        "highlight.js": "^10.4.1",
        "jest": "^29.7.0",
        "jest-diff": "^27.3.1",
        "next": "^12.0.1",
        "postcss": "^8.2.3",
        "prettier": "^2.1.2",
        "react": "^17.0.2",
        "react-dom": "^17.0.2",
        "tailwindcss": "^3.2.2"
      },
      "peerDependencies": {
        "tailwindcss": ">=3.0.0 || >=4.0.0 || insiders"
      }
    },
    "../../node_modules/.pnpm/@tailwindcss+vite@4.3.1_vite@6.4.3_@types+node@22.20.0_jiti@2.7.0_lightningcss@1.32.0_t_1dda47b7fbc43ea1b6ce301fc1cc2d6b/node_modules/@tailwindcss/vite": {
      "version": "4.3.1",
      "dev": true,
      "license": "MIT",
      "dependencies": {
        "@tailwindcss/node": "4.3.1",
        "@tailwindcss/oxide": "4.3.1",
        "tailwindcss": "4.3.1"
      },
      "devDependencies": {
        "@types/node": "22.19.19",
        "vite": "8.0.14"
      },
      "peerDependencies": {
        "vite": "^5.2.0 || ^6 || ^7 || ^8"
      }
    },
    "../../node_modules/.pnpm/@tanstack+react-query@5.101.0_react@19.1.0/node_modules/@tanstack/react-query": {
      "version": "5.101.0",
      "license": "MIT",
      "dependencies": {
        "@tanstack/query-core": "5.101.0"
      },
      "devDependencies": {
        "@tanstack/query-persist-client-core": "5.101.0",
        "@tanstack/query-test-utils": "0.0.0",
        "@testing-library/react": "^16.1.0",
        "@testing-library/react-render-stream": "^2.0.2",
        "@types/react": "^19.2.7",
        "@types/react-dom": "^19.2.3",
        "@vitejs/plugin-react": "^4.3.4",
        "cpy-cli": "^5.0.0",
        "npm-run-all2": "^5.0.0",
        "react": "^19.2.1",
        "react-dom": "^19.2.1",
        "react-error-boundary": "^4.1.2"
      },
      "funding": {
        "type": "github",
        "url": "https://github.com/sponsors/tannerlinsley"
      },
      "peerDependencies": {
        "react": "^18 || ^19"
      }
    },
    "../../node_modules/.pnpm/@types+react-dom@19.2.3_@types+react@19.2.17/node_modules/@types/react-dom": {
      "version": "19.2.3",
      "dev": true,
      "license": "MIT",
      "peerDependencies": {
        "@types/react": "^19.2.0"
      }
    },
    "../../node_modules/.pnpm/@types+react@19.2.17/node_modules/@types/react": {
      "version": "19.2.17",
      "dev": true,
      "license": "MIT",
      "dependencies": {
        "csstype": "^3.2.2"
      }
    },
    "../../node_modules/.pnpm/@vitejs+plugin-react@4.7.0_vite@6.4.3_@types+node@22.20.0_jiti@2.7.0_lightningcss@1.32._80548f57a6949189dc7487ea4e6e000a/node_modules/@vitejs/plugin-react": {
      "version": "4.7.0",
      "dev": true,
      "license": "MIT",
      "dependencies": {
        "@babel/core": "^7.28.0",
        "@babel/plugin-transform-react-jsx-self": "^7.27.1",
        "@babel/plugin-transform-react-jsx-source": "^7.27.1",
        "@rolldown/pluginutils": "1.0.0-beta.27",
        "@types/babel__core": "^7.20.5",
        "react-refresh": "^0.17.0"
      },
      "devDependencies": {
        "@vitejs/react-common": "workspace:*",
        "babel-plugin-react-compiler": "19.1.0-rc.2",
        "react": "^19.1.0",
        "react-dom": "^19.1.0",
        "rolldown": "1.0.0-beta.27",
        "tsdown": "^0.12.9",
        "vitest": "^3.2.4"
      },
      "engines": {
        "node": "^14.18.0 || >=16.0.0"
      },
      "peerDependencies": {
        "vite": "^4.2.0 || ^5.0.0 || ^6.0.0 || ^7.0.0"
      }
    },
    "../../node_modules/.pnpm/class-variance-authority@0.7.1/node_modules/class-variance-authority": {
      "version": "0.7.1",
      "license": "Apache-2.0",
      "dependencies": {
        "clsx": "^2.1.1"
      },
      "devDependencies": {
        "@swc/cli": "0.3.12",
        "@swc/core": "1.4.16",
        "@types/node": "20.12.7",
        "@types/react": "18.2.79",
        "@types/react-dom": "18.2.25",
        "bundlesize": "0.18.2",
        "npm-run-all": "4.1.5",
        "react": "18.2.0",
        "react-dom": "18.2.0",
        "ts-node": "10.9.2",
        "typescript": "5.4.5"
      },
      "funding": {
        "url": "https://polar.sh/cva"
      }
    },
    "../../node_modules/.pnpm/clsx@2.1.1/node_modules/clsx": {
      "version": "2.1.1",
      "license": "MIT",
      "devDependencies": {
        "esm": "3.2.25",
        "terser": "4.8.0",
        "uvu": "0.5.4"
      },
      "engines": {
        "node": ">=6"
      }
    },
    "../../node_modules/.pnpm/cmdk@1.1.1_@types+react-dom@19.2.3_@types+react@19.2.17__@types+react@19.2.17_react-dom_7b7b075eeeeb2f74bf6dbd0bfd8c563e/node_modules/cmdk": {
      "version": "1.1.1",
      "license": "MIT",
      "dependencies": {
        "@radix-ui/react-compose-refs": "^1.1.1",
        "@radix-ui/react-dialog": "^1.1.6",
        "@radix-ui/react-id": "^1.1.0",
        "@radix-ui/react-primitive": "^2.0.2"
      },
      "devDependencies": {
        "@types/react": "18.0.15"
      },
      "peerDependencies": {
        "react": "^18 || ^19 || ^19.0.0-rc",
        "react-dom": "^18 || ^19 || ^19.0.0-rc"
      }
    },
    "../../node_modules/.pnpm/lucide-react@0.525.0_react@19.1.0/node_modules/lucide-react": {
      "version": "0.525.0",
      "license": "ISC",
      "devDependencies": {
        "@lucide/build-icons": "1.1.0",
        "@lucide/rollup-plugins": "1.0.0",
        "@lucide/shared": "1.0.0",
        "@testing-library/jest-dom": "^6.1.6",
        "@testing-library/react": "^14.1.2",
        "@types/react": "^18.2.37",
        "@vitejs/plugin-react": "^4.4.1",
        "jest-serializer-html": "^7.1.0",
        "react": "18.2.0",
        "react-dom": "18.2.0",
        "rollup": "^4.22.4",
        "rollup-plugin-dts": "^6.1.0",
        "rollup-plugin-preserve-directives": "^0.4.0",
        "typescript": "^5.8.3",
        "vite": "^6.3.4",
        "vitest": "^3.1.3"
      },
      "peerDependencies": {
        "react": "^16.5.1 || ^17.0.0 || ^18.0.0 || ^19.0.0"
      }
    },
    "../../node_modules/.pnpm/react-dom@19.1.0_react@19.1.0/node_modules/react-dom": {
      "version": "19.1.0",
      "license": "MIT",
      "dependencies": {
        "scheduler": "^0.26.0"
      },
      "peerDependencies": {
        "react": "^19.1.0"
      }
    },
    "../../node_modules/.pnpm/react@19.1.0/node_modules/react": {
      "version": "19.1.0",
      "license": "MIT",
      "engines": {
        "node": ">=0.10.0"
      }
    },
    "../../node_modules/.pnpm/tailwind-merge@3.6.0/node_modules/tailwind-merge": {
      "version": "3.6.0",
      "license": "MIT",
      "devDependencies": {
        "@babel/core": "^7.29.0",
        "@babel/preset-env": "^7.29.3",
        "@codspeed/vitest-plugin": "^5.4.0",
        "@rollup/plugin-babel": "^7.0.0",
        "@rollup/plugin-node-resolve": "^16.0.3",
        "@rollup/plugin-typescript": "^12.3.0",
        "@types/node": "^24.12.2",
        "@vitest/coverage-v8": "^4.1.5",
        "@vitest/eslint-plugin": "^1.6.16",
        "babel-plugin-annotate-pure-calls": "^0.5.0",
        "babel-plugin-polyfill-regenerator": "^0.6.8",
        "eslint": "^9.39.4",
        "eslint-plugin-import": "^2.32.0",
        "globby": "^16.2.0",
        "prettier": "^3.8.3",
        "rollup": "^4.60.2",
        "rollup-plugin-delete": "^3.0.2",
        "rollup-plugin-dts": "^6.4.1",
        "tslib": "^2.8.1",
        "typescript": "^5.9.3",
        "typescript-eslint": "^8.59.1",
        "vitest": "^4.1.5",
        "zx": "^8.8.5"
      },
      "funding": {
        "type": "github",
        "url": "https://github.com/sponsors/dcastil"
      }
    },
    "../../node_modules/.pnpm/tailwindcss@4.3.1/node_modules/tailwindcss": {
      "version": "4.3.1",
      "dev": true,
      "license": "MIT",
      "devDependencies": {
        "@jridgewell/remapping": "^2.3.5",
        "@tailwindcss/oxide": "^4.3.1",
        "@types/node": "22.19.19",
        "dedent": "1.7.2",
        "lightningcss": "1.32.0",
        "magic-string": "^0.30.21",
        "source-map-js": "^1.2.1"
      }
    },
    "../../node_modules/.pnpm/tw-animate-css@1.4.0/node_modules/tw-animate-css": {
      "version": "1.4.0",
      "dev": true,
      "license": "MIT",
      "devDependencies": {
        "@commitlint/cli": "^19.8.1",
        "@commitlint/config-conventional": "^19.8.1",
        "@types/node": "^24.5.2",
        "lint-staged": "^16.2.0",
        "prettier": "^3.6.2",
        "simple-git-hooks": "^2.13.1",
        "sort-package-json": "^3.4.0"
      },
      "funding": {
        "url": "https://github.com/sponsors/Wombosvideo"
      }
    },
    "../../node_modules/.pnpm/typescript@5.9.3/node_modules/typescript": {
      "version": "5.9.3",
      "dev": true,
      "license": "Apache-2.0",
      "bin": {
        "tsc": "bin/tsc",
        "tsserver": "bin/tsserver"
      },
      "devDependencies": {
        "@dprint/formatter": "^0.4.1",
        "@dprint/typescript": "0.93.4",
        "@esfx/canceltoken": "^1.0.0",
        "@eslint/js": "^9.20.0",
        "@octokit/rest": "^21.1.1",
        "@types/chai": "^4.3.20",
        "@types/diff": "^7.0.1",
        "@types/minimist": "^1.2.5",
        "@types/mocha": "^10.0.10",
        "@types/ms": "^0.7.34",
        "@types/node": "latest",
        "@types/source-map-support": "^0.5.10",
        "@types/which": "^3.0.4",
        "@typescript-eslint/rule-tester": "^8.24.1",
        "@typescript-eslint/type-utils": "^8.24.1",
        "@typescript-eslint/utils": "^8.24.1",
        "azure-devops-node-api": "^14.1.0",
        "c8": "^10.1.3",
        "chai": "^4.5.0",
        "chokidar": "^4.0.3",
        "diff": "^7.0.0",
        "dprint": "^0.49.0",
        "esbuild": "^0.25.0",
        "eslint": "^9.20.1",
        "eslint-formatter-autolinkable-stylish": "^1.4.0",
        "eslint-plugin-regexp": "^2.7.0",
        "fast-xml-parser": "^4.5.2",
        "glob": "^10.4.5",
        "globals": "^15.15.0",
        "hereby": "^1.10.0",
        "jsonc-parser": "^3.3.1",
        "knip": "^5.44.4",
        "minimist": "^1.2.8",
        "mocha": "^10.8.2",
        "mocha-fivemat-progress-reporter": "^0.1.0",
        "monocart-coverage-reports": "^2.12.1",
        "ms": "^2.1.3",
        "picocolors": "^1.1.1",
        "playwright": "^1.50.1",
        "source-map-support": "^0.5.21",
        "tslib": "^2.8.1",
        "typescript": "^5.7.3",
        "typescript-eslint": "^8.24.1",
        "which": "^3.0.1"
      },
      "engines": {
        "node": ">=14.17"
      }
    },
    "../../node_modules/.pnpm/vite@6.4.3_@types+node@22.20.0_jiti@2.7.0_lightningcss@1.32.0_terser@5.48.0_tsx@4.22.4_yaml@2.9.0/node_modules/vite": {
      "version": "6.4.3",
      "dev": true,
      "license": "MIT",
      "dependencies": {
        "esbuild": "^0.25.0",
        "fdir": "^6.4.4",
        "picomatch": "^4.0.2",
        "postcss": "^8.5.3",
        "rollup": "^4.34.9",
        "tinyglobby": "^0.2.13"
      },
      "bin": {
        "vite": "bin/vite.js"
      },
      "devDependencies": {
        "@ampproject/remapping": "^2.3.0",
        "@babel/parser": "^7.27.0",
        "@jridgewell/trace-mapping": "^0.3.25",
        "@polka/compression": "^1.0.0-next.25",
        "@rollup/plugin-alias": "^5.1.1",
        "@rollup/plugin-commonjs": "^28.0.3",
        "@rollup/plugin-dynamic-import-vars": "2.1.4",
        "@rollup/plugin-json": "^6.1.0",
        "@rollup/plugin-node-resolve": "16.0.1",
        "@rollup/pluginutils": "^5.1.4",
        "@types/escape-html": "^1.0.4",
        "@types/pnpapi": "^0.0.5",
        "artichokie": "^0.3.1",
        "cac": "^6.7.14",
        "chokidar": "^3.6.0",
        "connect": "^3.7.0",
        "convert-source-map": "^2.0.0",
        "cors": "^2.8.5",
        "cross-spawn": "^7.0.6",
        "debug": "^4.4.0",
        "dep-types": "link:./src/types",
        "dotenv": "^16.5.0",
        "dotenv-expand": "^12.0.2",
        "es-module-lexer": "^1.6.0",
        "escape-html": "^1.0.3",
        "estree-walker": "^3.0.3",
        "etag": "^1.8.1",
        "http-proxy": "^1.18.1",
        "launch-editor-middleware": "^2.14.1",
        "lightningcss": "^1.29.3",
        "magic-string": "^0.30.17",
        "mlly": "^1.7.4",
        "mrmime": "^2.0.1",
        "nanoid": "^5.1.5",
        "open": "^10.1.1",
        "parse5": "^7.2.1",
        "pathe": "^2.0.3",
        "periscopic": "^4.0.2",
        "picocolors": "^1.1.1",
        "postcss-import": "^16.1.0",
        "postcss-load-config": "^6.0.1",
        "postcss-modules": "^6.0.1",
        "resolve.exports": "^2.0.3",
        "rollup-plugin-dts": "^6.2.1",
        "rollup-plugin-esbuild": "^6.2.1",
        "rollup-plugin-license": "^3.6.0",
        "sass": "^1.86.3",
        "sass-embedded": "^1.86.3",
        "sirv": "^3.0.2",
        "source-map-support": "^0.5.21",
        "strip-literal": "^3.0.0",
        "terser": "^5.39.0",
        "tsconfck": "^3.1.5",
        "tslib": "^2.8.1",
        "types": "link:./types",
        "ufo": "^1.6.1",
        "ws": "^8.18.1"
      },
      "engines": {
        "node": "^18.0.0 || ^20.0.0 || >=22.0.0"
      },
      "funding": {
        "url": "https://github.com/vitejs/vite?sponsor=1"
      },
      "optionalDependencies": {
        "fsevents": "~2.3.3"
      },
      "peerDependencies": {
        "@types/node": "^18.0.0 || ^20.0.0 || >=22.0.0",
        "jiti": ">=1.21.0",
        "less": "*",
        "lightningcss": "^1.21.0",
        "sass": "*",
        "sass-embedded": "*",
        "stylus": "*",
        "sugarss": "*",
        "terser": "^5.16.0",
        "tsx": "^4.8.1",
        "yaml": "^2.4.2"
      },
      "peerDependenciesMeta": {
        "@types/node": {
          "optional": true
        },
        "jiti": {
          "optional": true
        },
        "less": {
          "optional": true
        },
        "lightningcss": {
          "optional": true
        },
        "sass": {
          "optional": true
        },
        "sass-embedded": {
          "optional": true
        },
        "stylus": {
          "optional": true
        },
        "sugarss": {
          "optional": true
        },
        "terser": {
          "optional": true
        },
        "tsx": {
          "optional": true
        },
        "yaml": {
          "optional": true
        }
      }
    },
    "../../node_modules/.pnpm/wouter@3.10.0_react@19.1.0/node_modules/wouter": {
      "version": "3.10.0",
      "license": "Unlicense",
      "dependencies": {
        "mitt": "^3.0.1",
        "regexparam": "^3.0.0",
        "use-sync-external-store": "^1.0.0"
      },
      "peerDependencies": {
        "react": ">=16.8.0"
      }
    },
    "node_modules/@radix-ui/react-alert-dialog": {
      "resolved": "../../node_modules/.pnpm/@radix-ui+react-alert-dialog@1.1.17_@types+react-dom@19.2.3_@types+react@19.2.17__@type_d9d4e5a3839997c74b7e7e5736c6bd2d/node_modules/@radix-ui/react-alert-dialog",
      "link": true
    },
    "node_modules/@radix-ui/react-checkbox": {
      "resolved": "../../node_modules/.pnpm/@radix-ui+react-checkbox@1.3.5_@types+react-dom@19.2.3_@types+react@19.2.17__@types+rea_df7a54c08841d9b9b0351d43341044fb/node_modules/@radix-ui/react-checkbox",
      "link": true
    },
    "node_modules/@radix-ui/react-collapsible": {
      "resolved": "../../node_modules/.pnpm/@radix-ui+react-collapsible@1.1.14_@types+react-dom@19.2.3_@types+react@19.2.17__@types_b7ef560f44c47ee7133f96d0937f4859/node_modules/@radix-ui/react-collapsible",
      "link": true
    },
    "node_modules/@radix-ui/react-dialog": {
      "resolved": "../../node_modules/.pnpm/@radix-ui+react-dialog@1.1.17_@types+react-dom@19.2.3_@types+react@19.2.17__@types+reac_b3c87694353964d9bc0703a62f7153d9/node_modules/@radix-ui/react-dialog",
      "link": true
    },
    "node_modules/@radix-ui/react-dropdown-menu": {
      "resolved": "../../node_modules/.pnpm/@radix-ui+react-dropdown-menu@2.1.18_@types+react-dom@19.2.3_@types+react@19.2.17__@typ_0aee71a4cee397b0b68aa23dce29cb3b/node_modules/@radix-ui/react-dropdown-menu",
      "link": true
    },
    "node_modules/@radix-ui/react-label": {
      "resolved": "../../node_modules/.pnpm/@radix-ui+react-label@2.1.10_@types+react-dom@19.2.3_@types+react@19.2.17__@types+react_926471a51cc198963dd1dedf26996e03/node_modules/@radix-ui/react-label",
      "link": true
    },
    "node_modules/@radix-ui/react-popover": {
      "resolved": "../../node_modules/.pnpm/@radix-ui+react-popover@1.1.17_@types+react-dom@19.2.3_@types+react@19.2.17__@types+rea_5584c68c409c112cfc4a374c4dc92085/node_modules/@radix-ui/react-popover",
      "link": true
    },
    "node_modules/@radix-ui/react-scroll-area": {
      "resolved": "../../node_modules/.pnpm/@radix-ui+react-scroll-area@1.2.12_@types+react-dom@19.2.3_@types+react@19.2.17__@types_b518db40d9cf95bd759ab85f92a92fbd/node_modules/@radix-ui/react-scroll-area",
      "link": true
    },
    "node_modules/@radix-ui/react-select": {
      "resolved": "../../node_modules/.pnpm/@radix-ui+react-select@2.3.1_@types+react-dom@19.2.3_@types+react@19.2.17__@types+react_b02efc2f297247c6935162b4b80c3722/node_modules/@radix-ui/react-select",
      "link": true
    },
    "node_modules/@radix-ui/react-separator": {
      "resolved": "../../node_modules/.pnpm/@radix-ui+react-separator@1.1.10_@types+react-dom@19.2.3_@types+react@19.2.17__@types+r_2a129d8e134e36e6253e0b3d3b761a11/node_modules/@radix-ui/react-separator",
      "link": true
    },
    "node_modules/@radix-ui/react-slot": {
      "resolved": "../../node_modules/.pnpm/@radix-ui+react-slot@1.3.0_@types+react@19.2.17_react@19.1.0/node_modules/@radix-ui/react-slot",
      "link": true
    },
    "node_modules/@radix-ui/react-tabs": {
      "resolved": "../../node_modules/.pnpm/@radix-ui+react-tabs@1.1.15_@types+react-dom@19.2.3_@types+react@19.2.17__@types+react@_f5ad88ed93e8a8815c84f3466fd107e0/node_modules/@radix-ui/react-tabs",
      "link": true
    },
    "node_modules/@radix-ui/react-toast": {
      "resolved": "../../node_modules/.pnpm/@radix-ui+react-toast@1.2.17_@types+react-dom@19.2.3_@types+react@19.2.17__@types+react_595f92f502c8a725ebf453b8f0edf8f1/node_modules/@radix-ui/react-toast",
      "link": true
    },
    "node_modules/@radix-ui/react-tooltip": {
      "resolved": "../../node_modules/.pnpm/@radix-ui+react-tooltip@1.2.10_@types+react-dom@19.2.3_@types+react@19.2.17__@types+rea_1cc5f2d918686dc6a26f2e2446a26ef6/node_modules/@radix-ui/react-tooltip",
      "link": true
    },
    "node_modules/@tailwindcss/typography": {
      "resolved": "../../node_modules/.pnpm/@tailwindcss+typography@0.5.20_tailwindcss@4.3.1/node_modules/@tailwindcss/typography",
      "link": true
    },
    "node_modules/@tailwindcss/vite": {
      "resolved": "../../node_modules/.pnpm/@tailwindcss+vite@4.3.1_vite@6.4.3_@types+node@22.20.0_jiti@2.7.0_lightningcss@1.32.0_t_1dda47b7fbc43ea1b6ce301fc1cc2d6b/node_modules/@tailwindcss/vite",
      "link": true
    },
    "node_modules/@tanstack/react-query": {
      "resolved": "../../node_modules/.pnpm/@tanstack+react-query@5.101.0_react@19.1.0/node_modules/@tanstack/react-query",
      "link": true
    },
    "node_modules/@types/react": {
      "resolved": "../../node_modules/.pnpm/@types+react@19.2.17/node_modules/@types/react",
      "link": true
    },
    "node_modules/@types/react-dom": {
      "resolved": "../../node_modules/.pnpm/@types+react-dom@19.2.3_@types+react@19.2.17/node_modules/@types/react-dom",
      "link": true
    },
    "node_modules/@vitejs/plugin-react": {
      "resolved": "../../node_modules/.pnpm/@vitejs+plugin-react@4.7.0_vite@6.4.3_@types+node@22.20.0_jiti@2.7.0_lightningcss@1.32._80548f57a6949189dc7487ea4e6e000a/node_modules/@vitejs/plugin-react",
      "link": true
    },
    "node_modules/class-variance-authority": {
      "resolved": "../../node_modules/.pnpm/class-variance-authority@0.7.1/node_modules/class-variance-authority",
      "link": true
    },
    "node_modules/clsx": {
      "resolved": "../../node_modules/.pnpm/clsx@2.1.1/node_modules/clsx",
      "link": true
    },
    "node_modules/cmdk": {
      "resolved": "../../node_modules/.pnpm/cmdk@1.1.1_@types+react-dom@19.2.3_@types+react@19.2.17__@types+react@19.2.17_react-dom_7b7b075eeeeb2f74bf6dbd0bfd8c563e/node_modules/cmdk",
      "link": true
    },
    "node_modules/date-fns": {
      "version": "4.4.0",
      "resolved": "https://registry.npmjs.org/date-fns/-/date-fns-4.4.0.tgz",
      "integrity": "sha512-+1UMbeh68lH1SegH83CGWwpb6OHHbpSgr3+s5Eww5M4CAgswBpoWS0AjTOfEJ33HiYKz1hdj/KTFprzXHmq/6w==",
      "funding": {
        "type": "github",
        "url": "https://github.com/sponsors/kossnocorp"
      }
    },
    "node_modules/lucide-react": {
      "resolved": "../../node_modules/.pnpm/lucide-react@0.525.0_react@19.1.0/node_modules/lucide-react",
      "link": true
    },
    "node_modules/react": {
      "resolved": "../../node_modules/.pnpm/react@19.1.0/node_modules/react",
      "link": true
    },
    "node_modules/react-dom": {
      "resolved": "../../node_modules/.pnpm/react-dom@19.1.0_react@19.1.0/node_modules/react-dom",
      "link": true
    },
    "node_modules/tailwind-merge": {
      "resolved": "../../node_modules/.pnpm/tailwind-merge@3.6.0/node_modules/tailwind-merge",
      "link": true
    },
    "node_modules/tailwindcss": {
      "resolved": "../../node_modules/.pnpm/tailwindcss@4.3.1/node_modules/tailwindcss",
      "link": true
    },
    "node_modules/tw-animate-css": {
      "resolved": "../../node_modules/.pnpm/tw-animate-css@1.4.0/node_modules/tw-animate-css",
      "link": true
    },
    "node_modules/typescript": {
      "resolved": "../../node_modules/.pnpm/typescript@5.9.3/node_modules/typescript",
      "link": true
    },
    "node_modules/vite": {
      "resolved": "../../node_modules/.pnpm/vite@6.4.3_@types+node@22.20.0_jiti@2.7.0_lightningcss@1.32.0_terser@5.48.0_tsx@4.22.4_yaml@2.9.0/node_modules/vite",
      "link": true
    },
    "node_modules/wouter": {
      "resolved": "../../node_modules/.pnpm/wouter@3.10.0_react@19.1.0/node_modules/wouter",
      "link": true
    }
  }
}
